# This file is autogenerated, do not edit; changes may be undone by the next 'dep ensure'.


[[projects]]
  name = "github.com/fiorix/wsdl2go"
  packages = ["wsdl"]
  revision = "2c5aedcb3ecd7040422ca43a325d5a1cc377bb71"
  version = "v1.4.5"

[[projects]]
  branch = "master"
  name = "github.com/sethgrid/pester"
  packages = ["."]
  revision = "99271bb5a99e5769f688c483eabb3c22d71ebf93"

[solve-meta]
  analyzer-name = "dep"
  analyzer-version = 1
  inputs-digest = "8534efbd806b997de429584ecc6ad71a2f0d90921f520c955adbec22a44389bd"
  solver-name = "gps-cdcl"
  solver-version = 1
